
Microsoft Visual Studio Solution File, Format Version 12.00
# Visual Studio 15
Project("{FAE04EC0-301F-11D3-BF4B-00C04F79EFBC}") = "Assembly-CSharp", "Assembly-CSharp.csproj", "{BC4EF54E-8F2E-D208-2931-FDD8C541BD4E}"
EndProject
Project("{FAE04EC0-301F-11D3-BF4B-00C04F79EFBC}") = "AIBehavior", "AIBehavior.csproj", "{5B607101-FF5A-9CC5-81C1-0B8AF82CA090}"
EndProject
Project("{FAE04EC0-301F-11D3-BF4B-00C04F79EFBC}") = "Assembly-CSharp-firstpass", "Assembly-CSharp-firstpass.csproj", "{B3490C21-204C-4543-46A5-714FE9460D3F}"
EndProject
Project("{FAE04EC0-301F-11D3-BF4B-00C04F79EFBC}") = "Assembly-CSharp-Editor", "Assembly-CSharp-Editor.csproj", "{A63D64BA-6AAD-3791-A764-C7D5537F27D6}"
EndProject
Project("{FAE04EC0-301F-11D3-BF4B-00C04F79EFBC}") = "AIBehaviorNav_Editor", "AIBehaviorNav_Editor.csproj", "{792135E7-61A3-FC62-9F60-E21463493281}"
EndProject
Project("{FAE04EC0-301F-11D3-BF4B-00C04F79EFBC}") = "Assembly-CSharp-Editor-firstpass", "Assembly-CSharp-Editor-firstpass.csproj", "{07D6C044-E628-0C03-F91F-447005E885BE}"
EndProject
Global
	GlobalSection(SolutionConfigurationPlatforms) = preSolution
		Debug|Any CPU = Debug|Any CPU
		Release|Any CPU = Release|Any CPU
	EndGlobalSection
	GlobalSection(ProjectConfigurationPlatforms) = postSolution
		{BC4EF54E-8F2E-D208-2931-FDD8C541BD4E}.Debug|Any CPU.ActiveCfg = Debug|Any CPU
		{BC4EF54E-8F2E-D208-2931-FDD8C541BD4E}.Debug|Any CPU.Build.0 = Debug|Any CPU
		{BC4EF54E-8F2E-D208-2931-FDD8C541BD4E}.Release|Any CPU.ActiveCfg = Release|Any CPU
		{BC4EF54E-8F2E-D208-2931-FDD8C541BD4E}.Release|Any CPU.Build.0 = Release|Any CPU
		{5B607101-FF5A-9CC5-81C1-0B8AF82CA090}.Debug|Any CPU.ActiveCfg = Debug|Any CPU
		{5B607101-FF5A-9CC5-81C1-0B8AF82CA090}.Debug|Any CPU.Build.0 = Debug|Any CPU
		{5B607101-FF5A-9CC5-81C1-0B8AF82CA090}.Release|Any CPU.ActiveCfg = Release|Any CPU
		{5B607101-FF5A-9CC5-81C1-0B8AF82CA090}.Release|Any CPU.Build.0 = Release|Any CPU
		{B3490C21-204C-4543-46A5-714FE9460D3F}.Debug|Any CPU.ActiveCfg = Debug|Any CPU
		{B3490C21-204C-4543-46A5-714FE9460D3F}.Debug|Any CPU.Build.0 = Debug|Any CPU
		{B3490C21-204C-4543-46A5-714FE9460D3F}.Release|Any CPU.ActiveCfg = Release|Any CPU
		{B3490C21-204C-4543-46A5-714FE9460D3F}.Release|Any CPU.Build.0 = Release|Any CPU
		{A63D64BA-6AAD-3791-A764-C7D5537F27D6}.Debug|Any CPU.ActiveCfg = Debug|Any CPU
		{A63D64BA-6AAD-3791-A764-C7D5537F27D6}.Debug|Any CPU.Build.0 = Debug|Any CPU
		{A63D64BA-6AAD-3791-A764-C7D5537F27D6}.Release|Any CPU.ActiveCfg = Release|Any CPU
		{A63D64BA-6AAD-3791-A764-C7D5537F27D6}.Release|Any CPU.Build.0 = Release|Any CPU
		{792135E7-61A3-FC62-9F60-E21463493281}.Debug|Any CPU.ActiveCfg = Debug|Any CPU
		{792135E7-61A3-FC62-9F60-E21463493281}.Debug|Any CPU.Build.0 = Debug|Any CPU
		{792135E7-61A3-FC62-9F60-E21463493281}.Release|Any CPU.ActiveCfg = Release|Any CPU
		{792135E7-61A3-FC62-9F60-E21463493281}.Release|Any CPU.Build.0 = Release|Any CPU
		{07D6C044-E628-0C03-F91F-447005E885BE}.Debug|Any CPU.ActiveCfg = Debug|Any CPU
		{07D6C044-E628-0C03-F91F-447005E885BE}.Debug|Any CPU.Build.0 = Debug|Any CPU
		{07D6C044-E628-0C03-F91F-447005E885BE}.Release|Any CPU.ActiveCfg = Release|Any CPU
		{07D6C044-E628-0C03-F91F-447005E885BE}.Release|Any CPU.Build.0 = Release|Any CPU
	EndGlobalSection
	GlobalSection(SolutionProperties) = preSolution
		HideSolutionNode = FALSE
	EndGlobalSection
EndGlobal
